github.com/dimchansky/utfbom v1.1.0 h1:FcM3g+nofKgUteL8dm/UpdRXNC9KmADgTpLKsu0TRo4=
github.com/dimchansky/utfbom v1.1.0/go.mod h1:rO41eb7gLfo8SF1jd9F8HplJm1Fewwi4mQvIirEdv+8=
github.com/gocarina/gocsv v0.0.0-20200925213129-04be9ee2e1a2 h1:66G8poRcUE6rtwuckM7ZoLKlyNw5PYytEktymzi/Xds=
github.com/gocarina/gocsv v0.0.0-20200925213129-04be9ee2e1a2/go.mod h1:5YoVOkjYAQumqlV356Hj3xeYh4BdZuLE0/nRkf2NKkI=
